
Microsoft Visual Studio Solution File, Format Version 12.00
# Visual Studio Version 17
VisualStudioVersion = 17.0.31903.59
MinimumVisualStudioVersion = 10.0.40219.1
Project("{2150E333-8FDC-42A3-9474-1A3956D46DE8}") = "src", "src", "{827E0CD3-B72D-47B6-A68D-7590B98EB39B}"
EndProject
Project("{2150E333-8FDC-42A3-9474-1A3956D46DE8}") = "BuildingBlocks", "BuildingBlocks", "{90298CBA-BD6F-3A0A-69D5-97CAD7B05E7E}"
EndProject
Project("{FAE04EC0-301F-11D3-BF4B-00C04F79EFBC}") = "Contracts", "src\BuildingBlocks\Contracts\Contracts.csproj", "{0509B123-DE03-44F6-BDA3-16C03904753A}"
EndProject
Project("{FAE04EC0-301F-11D3-BF4B-00C04F79EFBC}") = "SharedKernel", "src\BuildingBlocks\SharedKernel\SharedKernel.csproj", "{57F05B0E-613C-4E9A-89CD-B08EA1FC2F50}"
EndProject
Project("{FAE04EC0-301F-11D3-BF4B-00C04F79EFBC}") = "Gateway", "src\Gateway\Gateway\Gateway.csproj", "{349EA60D-4CE9-4738-8A05-E7DF16FD92FF}"
EndProject
Project("{FAE04EC0-301F-11D3-BF4B-00C04F79EFBC}") = "AssetCatalogSvc", "src\Services\AssetCatalogSvc\AssetCatalogSvc.csproj", "{567022E9-0135-4A47-8C41-C669DE1213EA}"
EndProject
Project("{FAE04EC0-301F-11D3-BF4B-00C04F79EFBC}") = "TicketSvc", "src\Services\TicketSvc\TicketSvc.csproj", "{D87C86DE-820E-4D58-A8B8-1A1E896A279D}"
EndProject
Project("{FAE04EC0-301F-11D3-BF4B-00C04F79EFBC}") = "RiskSvc", "src\Services\RiskSvc\RiskSvc.csproj", "{2B22352D-D9E6-4740-A7F4-BB2A9919EF1D}"
EndProject
Project("{FAE04EC0-301F-11D3-BF4B-00C04F79EFBC}") = "SchedulingSvc", "src\Services\SchedulingSvc\SchedulingSvc.csproj", "{964451BC-169E-4308-BF6A-C1E761C61CCC}"
EndProject
Project("{2150E333-8FDC-42A3-9474-1A3956D46DE8}") = "Services", "Services", "{984BB9B3-3FA3-BE33-9484-CAC21695A33C}"
EndProject
Project("{FAE04EC0-301F-11D3-BF4B-00C04F79EFBC}") = "AuthDevSvc", "src\Services\AuthDevSvc\AuthDevSvc.csproj", "{E224DDA9-7EAB-4856-974A-FB751593D4AC}"
EndProject
Project("{2150E333-8FDC-42A3-9474-1A3956D46DE8}") = "tests", "tests", "{0AB3BF05-4346-4AA6-1389-037BE0695223}"
EndProject
Project("{FAE04EC0-301F-11D3-BF4B-00C04F79EFBC}") = "TicketSvc.Tests", "tests\TicketSvc.Tests\TicketSvc.Tests.csproj", "{E5B2D437-89E3-45FC-9BED-51C59595F9EE}"
EndProject
Project("{FAE04EC0-301F-11D3-BF4B-00C04F79EFBC}") = "RasterProcessingSvc", "src\Services\RasterProcessingSvc\RasterProcessingSvc.csproj", "{B5BAB130-BA37-4234-8D0C-50212A4FA3B6}"
EndProject
Global
	GlobalSection(SolutionConfigurationPlatforms) = preSolution
		Debug|Any CPU = Debug|Any CPU
		Debug|x64 = Debug|x64
		Debug|x86 = Debug|x86
		Release|Any CPU = Release|Any CPU
		Release|x64 = Release|x64
		Release|x86 = Release|x86
	EndGlobalSection
	GlobalSection(ProjectConfigurationPlatforms) = postSolution
		{0509B123-DE03-44F6-BDA3-16C03904753A}.Debug|Any CPU.ActiveCfg = Debug|Any CPU
		{0509B123-DE03-44F6-BDA3-16C03904753A}.Debug|Any CPU.Build.0 = Debug|Any CPU
		{0509B123-DE03-44F6-BDA3-16C03904753A}.Debug|x64.ActiveCfg = Debug|Any CPU
		{0509B123-DE03-44F6-BDA3-16C03904753A}.Debug|x64.Build.0 = Debug|Any CPU
		{0509B123-DE03-44F6-BDA3-16C03904753A}.Debug|x86.ActiveCfg = Debug|Any CPU
		{0509B123-DE03-44F6-BDA3-16C03904753A}.Debug|x86.Build.0 = Debug|Any CPU
		{0509B123-DE03-44F6-BDA3-16C03904753A}.Release|Any CPU.ActiveCfg = Release|Any CPU
		{0509B123-DE03-44F6-BDA3-16C03904753A}.Release|Any CPU.Build.0 = Release|Any CPU
		{0509B123-DE03-44F6-BDA3-16C03904753A}.Release|x64.ActiveCfg = Release|Any CPU
		{0509B123-DE03-44F6-BDA3-16C03904753A}.Release|x64.Build.0 = Release|Any CPU
		{0509B123-DE03-44F6-BDA3-16C03904753A}.Release|x86.ActiveCfg = Release|Any CPU
		{0509B123-DE03-44F6-BDA3-16C03904753A}.Release|x86.Build.0 = Release|Any CPU
		{57F05B0E-613C-4E9A-89CD-B08EA1FC2F50}.Debug|Any CPU.ActiveCfg = Debug|Any CPU
		{57F05B0E-613C-4E9A-89CD-B08EA1FC2F50}.Debug|Any CPU.Build.0 = Debug|Any CPU
		{57F05B0E-613C-4E9A-89CD-B08EA1FC2F50}.Debug|x64.ActiveCfg = Debug|Any CPU
		{57F05B0E-613C-4E9A-89CD-B08EA1FC2F50}.Debug|x64.Build.0 = Debug|Any CPU
		{57F05B0E-613C-4E9A-89CD-B08EA1FC2F50}.Debug|x86.ActiveCfg = Debug|Any CPU
		{57F05B0E-613C-4E9A-89CD-B08EA1FC2F50}.Debug|x86.Build.0 = Debug|Any CPU
		{57F05B0E-613C-4E9A-89CD-B08EA1FC2F50}.Release|Any CPU.ActiveCfg = Release|Any CPU
		{57F05B0E-613C-4E9A-89CD-B08EA1FC2F50}.Release|Any CPU.Build.0 = Release|Any CPU
		{57F05B0E-613C-4E9A-89CD-B08EA1FC2F50}.Release|x64.ActiveCfg = Release|Any CPU
		{57F05B0E-613C-4E9A-89CD-B08EA1FC2F50}.Release|x64.Build.0 = Release|Any CPU
		{57F05B0E-613C-4E9A-89CD-B08EA1FC2F50}.Release|x86.ActiveCfg = Release|Any CPU
		{57F05B0E-613C-4E9A-89CD-B08EA1FC2F50}.Release|x86.Build.0 = Release|Any CPU
		{349EA60D-4CE9-4738-8A05-E7DF16FD92FF}.Debug|Any CPU.ActiveCfg = Debug|Any CPU
		{349EA60D-4CE9-4738-8A05-E7DF16FD92FF}.Debug|Any CPU.Build.0 = Debug|Any CPU
		{349EA60D-4CE9-4738-8A05-E7DF16FD92FF}.Debug|x64.ActiveCfg = Debug|Any CPU
		{349EA60D-4CE9-4738-8A05-E7DF16FD92FF}.Debug|x64.Build.0 = Debug|Any CPU
		{349EA60D-4CE9-4738-8A05-E7DF16FD92FF}.Debug|x86.ActiveCfg = Debug|Any CPU
		{349EA60D-4CE9-4738-8A05-E7DF16FD92FF}.Debug|x86.Build.0 = Debug|Any CPU
		{349EA60D-4CE9-4738-8A05-E7DF16FD92FF}.Release|Any CPU.ActiveCfg = Release|Any CPU
		{349EA60D-4CE9-4738-8A05-E7DF16FD92FF}.Release|Any CPU.Build.0 = Release|Any CPU
		{349EA60D-4CE9-4738-8A05-E7DF16FD92FF}.Release|x64.ActiveCfg = Release|Any CPU
		{349EA60D-4CE9-4738-8A05-E7DF16FD92FF}.Release|x64.Build.0 = Release|Any CPU
		{349EA60D-4CE9-4738-8A05-E7DF16FD92FF}.Release|x86.ActiveCfg = Release|Any CPU
		{349EA60D-4CE9-4738-8A05-E7DF16FD92FF}.Release|x86.Build.0 = Release|Any CPU
		{567022E9-0135-4A47-8C41-C669DE1213EA}.Debug|Any CPU.ActiveCfg = Debug|Any CPU
		{567022E9-0135-4A47-8C41-C669DE1213EA}.Debug|Any CPU.Build.0 = Debug|Any CPU
		{567022E9-0135-4A47-8C41-C669DE1213EA}.Debug|x64.ActiveCfg = Debug|Any CPU
		{567022E9-0135-4A47-8C41-C669DE1213EA}.Debug|x64.Build.0 = Debug|Any CPU
		{567022E9-0135-4A47-8C41-C669DE1213EA}.Debug|x86.ActiveCfg = Debug|Any CPU
		{567022E9-0135-4A47-8C41-C669DE1213EA}.Debug|x86.Build.0 = Debug|Any CPU
		{567022E9-0135-4A47-8C41-C669DE1213EA}.Release|Any CPU.ActiveCfg = Release|Any CPU
		{567022E9-0135-4A47-8C41-C669DE1213EA}.Release|Any CPU.Build.0 = Release|Any CPU
		{567022E9-0135-4A47-8C41-C669DE1213EA}.Release|x64.ActiveCfg = Release|Any CPU
		{567022E9-0135-4A47-8C41-C669DE1213EA}.Release|x64.Build.0 = Release|Any CPU
		{567022E9-0135-4A47-8C41-C669DE1213EA}.Release|x86.ActiveCfg = Release|Any CPU
		{567022E9-0135-4A47-8C41-C669DE1213EA}.Release|x86.Build.0 = Release|Any CPU
		{D87C86DE-820E-4D58-A8B8-1A1E896A279D}.Debug|Any CPU.ActiveCfg = Debug|Any CPU
		{D87C86DE-820E-4D58-A8B8-1A1E896A279D}.Debug|Any CPU.Build.0 = Debug|Any CPU
		{D87C86DE-820E-4D58-A8B8-1A1E896A279D}.Debug|x64.ActiveCfg = Debug|Any CPU
		{D87C86DE-820E-4D58-A8B8-1A1E896A279D}.Debug|x64.Build.0 = Debug|Any CPU
		{D87C86DE-820E-4D58-A8B8-1A1E896A279D}.Debug|x86.ActiveCfg = Debug|Any CPU
		{D87C86DE-820E-4D58-A8B8-1A1E896A279D}.Debug|x86.Build.0 = Debug|Any CPU
		{D87C86DE-820E-4D58-A8B8-1A1E896A279D}.Release|Any CPU.ActiveCfg = Release|Any CPU
		{D87C86DE-820E-4D58-A8B8-1A1E896A279D}.Release|Any CPU.Build.0 = Release|Any CPU
		{D87C86DE-820E-4D58-A8B8-1A1E896A279D}.Release|x64.ActiveCfg = Release|Any CPU
		{D87C86DE-820E-4D58-A8B8-1A1E896A279D}.Release|x64.Build.0 = Release|Any CPU
		{D87C86DE-820E-4D58-A8B8-1A1E896A279D}.Release|x86.ActiveCfg = Release|Any CPU
		{D87C86DE-820E-4D58-A8B8-1A1E896A279D}.Release|x86.Build.0 = Release|Any CPU
		{2B22352D-D9E6-4740-A7F4-BB2A9919EF1D}.Debug|Any CPU.ActiveCfg = Debug|Any CPU
		{2B22352D-D9E6-4740-A7F4-BB2A9919EF1D}.Debug|Any CPU.Build.0 = Debug|Any CPU
		{2B22352D-D9E6-4740-A7F4-BB2A9919EF1D}.Debug|x64.ActiveCfg = Debug|Any CPU
		{2B22352D-D9E6-4740-A7F4-BB2A9919EF1D}.Debug|x64.Build.0 = Debug|Any CPU
		{2B22352D-D9E6-4740-A7F4-BB2A9919EF1D}.Debug|x86.ActiveCfg = Debug|Any CPU
		{2B22352D-D9E6-4740-A7F4-BB2A9919EF1D}.Debug|x86.Build.0 = Debug|Any CPU
		{2B22352D-D9E6-4740-A7F4-BB2A9919EF1D}.Release|Any CPU.ActiveCfg = Release|Any CPU
		{2B22352D-D9E6-4740-A7F4-BB2A9919EF1D}.Release|Any CPU.Build.0 = Release|Any CPU
		{2B22352D-D9E6-4740-A7F4-BB2A9919EF1D}.Release|x64.ActiveCfg = Release|Any CPU
		{2B22352D-D9E6-4740-A7F4-BB2A9919EF1D}.Release|x64.Build.0 = Release|Any CPU
		{2B22352D-D9E6-4740-A7F4-BB2A9919EF1D}.Release|x86.ActiveCfg = Release|Any CPU
		{2B22352D-D9E6-4740-A7F4-BB2A9919EF1D}.Release|x86.Build.0 = Release|Any CPU
		{964451BC-169E-4308-BF6A-C1E761C61CCC}.Debug|Any CPU.ActiveCfg = Debug|Any CPU
		{964451BC-169E-4308-BF6A-C1E761C61CCC}.Debug|Any CPU.Build.0 = Debug|Any CPU
		{964451BC-169E-4308-BF6A-C1E761C61CCC}.Debug|x64.ActiveCfg = Debug|Any CPU
		{964451BC-169E-4308-BF6A-C1E761C61CCC}.Debug|x64.Build.0 = Debug|Any CPU
		{964451BC-169E-4308-BF6A-C1E761C61CCC}.Debug|x86.ActiveCfg = Debug|Any CPU
		{964451BC-169E-4308-BF6A-C1E761C61CCC}.Debug|x86.Build.0 = Debug|Any CPU
		{964451BC-169E-4308-BF6A-C1E761C61CCC}.Release|Any CPU.ActiveCfg = Release|Any CPU
		{964451BC-169E-4308-BF6A-C1E761C61CCC}.Release|Any CPU.Build.0 = Release|Any CPU
		{964451BC-169E-4308-BF6A-C1E761C61CCC}.Release|x64.ActiveCfg = Release|Any CPU
		{964451BC-169E-4308-BF6A-C1E761C61CCC}.Release|x64.Build.0 = Release|Any CPU
		{964451BC-169E-4308-BF6A-C1E761C61CCC}.Release|x86.ActiveCfg = Release|Any CPU
		{964451BC-169E-4308-BF6A-C1E761C61CCC}.Release|x86.Build.0 = Release|Any CPU
		{E224DDA9-7EAB-4856-974A-FB751593D4AC}.Debug|Any CPU.ActiveCfg = Debug|Any CPU
		{E224DDA9-7EAB-4856-974A-FB751593D4AC}.Debug|Any CPU.Build.0 = Debug|Any CPU
		{E224DDA9-7EAB-4856-974A-FB751593D4AC}.Debug|x64.ActiveCfg = Debug|Any CPU
		{E224DDA9-7EAB-4856-974A-FB751593D4AC}.Debug|x64.Build.0 = Debug|Any CPU
		{E224DDA9-7EAB-4856-974A-FB751593D4AC}.Debug|x86.ActiveCfg = Debug|Any CPU
		{E224DDA9-7EAB-4856-974A-FB751593D4AC}.Debug|x86.Build.0 = Debug|Any CPU
		{E224DDA9-7EAB-4856-974A-FB751593D4AC}.Release|Any CPU.ActiveCfg = Release|Any CPU
		{E224DDA9-7EAB-4856-974A-FB751593D4AC}.Release|Any CPU.Build.0 = Release|Any CPU
		{E224DDA9-7EAB-4856-974A-FB751593D4AC}.Release|x64.ActiveCfg = Release|Any CPU
		{E224DDA9-7EAB-4856-974A-FB751593D4AC}.Release|x64.Build.0 = Release|Any CPU
		{E224DDA9-7EAB-4856-974A-FB751593D4AC}.Release|x86.ActiveCfg = Release|Any CPU
		{E224DDA9-7EAB-4856-974A-FB751593D4AC}.Release|x86.Build.0 = Release|Any CPU
		{E5B2D437-89E3-45FC-9BED-51C59595F9EE}.Debug|Any CPU.ActiveCfg = Debug|Any CPU
		{E5B2D437-89E3-45FC-9BED-51C59595F9EE}.Debug|Any CPU.Build.0 = Debug|Any CPU
		{E5B2D437-89E3-45FC-9BED-51C59595F9EE}.Debug|x64.ActiveCfg = Debug|Any CPU
		{E5B2D437-89E3-45FC-9BED-51C59595F9EE}.Debug|x64.Build.0 = Debug|Any CPU
		{E5B2D437-89E3-45FC-9BED-51C59595F9EE}.Debug|x86.ActiveCfg = Debug|Any CPU
		{E5B2D437-89E3-45FC-9BED-51C59595F9EE}.Debug|x86.Build.0 = Debug|Any CPU
		{E5B2D437-89E3-45FC-9BED-51C59595F9EE}.Release|Any CPU.ActiveCfg = Release|Any CPU
		{E5B2D437-89E3-45FC-9BED-51C59595F9EE}.Release|Any CPU.Build.0 = Release|Any CPU
		{E5B2D437-89E3-45FC-9BED-51C59595F9EE}.Release|x64.ActiveCfg = Release|Any CPU
		{E5B2D437-89E3-45FC-9BED-51C59595F9EE}.Release|x64.Build.0 = Release|Any CPU
		{E5B2D437-89E3-45FC-9BED-51C59595F9EE}.Release|x86.ActiveCfg = Release|Any CPU
		{E5B2D437-89E3-45FC-9BED-51C59595F9EE}.Release|x86.Build.0 = Release|Any CPU
		{B5BAB130-BA37-4234-8D0C-50212A4FA3B6}.Debug|Any CPU.ActiveCfg = Debug|Any CPU
		{B5BAB130-BA37-4234-8D0C-50212A4FA3B6}.Debug|Any CPU.Build.0 = Debug|Any CPU
		{B5BAB130-BA37-4234-8D0C-50212A4FA3B6}.Debug|x64.ActiveCfg = Debug|Any CPU
		{B5BAB130-BA37-4234-8D0C-50212A4FA3B6}.Debug|x64.Build.0 = Debug|Any CPU
		{B5BAB130-BA37-4234-8D0C-50212A4FA3B6}.Debug|x86.ActiveCfg = Debug|Any CPU
		{B5BAB130-BA37-4234-8D0C-50212A4FA3B6}.Debug|x86.Build.0 = Debug|Any CPU
		{B5BAB130-BA37-4234-8D0C-50212A4FA3B6}.Release|Any CPU.ActiveCfg = Release|Any CPU
		{B5BAB130-BA37-4234-8D0C-50212A4FA3B6}.Release|Any CPU.Build.0 = Release|Any CPU
		{B5BAB130-BA37-4234-8D0C-50212A4FA3B6}.Release|x64.ActiveCfg = Release|Any CPU
		{B5BAB130-BA37-4234-8D0C-50212A4FA3B6}.Release|x64.Build.0 = Release|Any CPU
		{B5BAB130-BA37-4234-8D0C-50212A4FA3B6}.Release|x86.ActiveCfg = Release|Any CPU
		{B5BAB130-BA37-4234-8D0C-50212A4FA3B6}.Release|x86.Build.0 = Release|Any CPU
	EndGlobalSection
	GlobalSection(SolutionProperties) = preSolution
		HideSolutionNode = FALSE
	EndGlobalSection
	GlobalSection(NestedProjects) = preSolution
		{90298CBA-BD6F-3A0A-69D5-97CAD7B05E7E} = {827E0CD3-B72D-47B6-A68D-7590B98EB39B}
		{0509B123-DE03-44F6-BDA3-16C03904753A} = {90298CBA-BD6F-3A0A-69D5-97CAD7B05E7E}
		{57F05B0E-613C-4E9A-89CD-B08EA1FC2F50} = {90298CBA-BD6F-3A0A-69D5-97CAD7B05E7E}
		{349EA60D-4CE9-4738-8A05-E7DF16FD92FF} = {90298CBA-BD6F-3A0A-69D5-97CAD7B05E7E}
		{567022E9-0135-4A47-8C41-C669DE1213EA} = {90298CBA-BD6F-3A0A-69D5-97CAD7B05E7E}
		{D87C86DE-820E-4D58-A8B8-1A1E896A279D} = {90298CBA-BD6F-3A0A-69D5-97CAD7B05E7E}
		{2B22352D-D9E6-4740-A7F4-BB2A9919EF1D} = {90298CBA-BD6F-3A0A-69D5-97CAD7B05E7E}
		{964451BC-169E-4308-BF6A-C1E761C61CCC} = {90298CBA-BD6F-3A0A-69D5-97CAD7B05E7E}
		{984BB9B3-3FA3-BE33-9484-CAC21695A33C} = {827E0CD3-B72D-47B6-A68D-7590B98EB39B}
		{E224DDA9-7EAB-4856-974A-FB751593D4AC} = {984BB9B3-3FA3-BE33-9484-CAC21695A33C}
		{E5B2D437-89E3-45FC-9BED-51C59595F9EE} = {0AB3BF05-4346-4AA6-1389-037BE0695223}
		{B5BAB130-BA37-4234-8D0C-50212A4FA3B6} = {984BB9B3-3FA3-BE33-9484-CAC21695A33C}
	EndGlobalSection
EndGlobal
